{
  "name": "miniprogram",
  "version": "1.0.0",
  "lockfileVersion": 1,
  "requires": true,
  "dependencies": {
    "@vant/weapp": {
      "version": "1.10.4",
      "resolved": "https://registry.npmmirror.com/@vant/weapp/-/weapp-1.10.4.tgz",
      "integrity": "sha512-S0T6myy4Ve4ZClRujJKP1Eu5hP5GFkVeQH587uakhacrQ+9Fp23gfnmo+dKMf7FbjTRqQu+ehxcr0Ba75iV8HA=="
    },
    "weui-miniprogram": {
      "version": "1.0.8",
      "resolved": "https://registry.npmjs.org/weui-miniprogram/-/weui-miniprogram-1.0.8.tgz",
      "integrity": "sha512-fm9Hi/3s2Imp2xufuxBcbzYxIcrVt0gPMIdjHfuIFA0Fxiukztc+c2nyFspmkI9YkrdHM1o2h6qsStdK+wFhWQ=="
    }
  }
}
